
Microsoft Visual Studio Solution File, Format Version 12.00
Project("{FAE04EC0-301F-11D3-BF4B-00C04F79EFBC}") = "Domain", "Domain\Domain.csproj", "{A9E2ED4A-5945-42CB-8EF7-6EED985BD73B}"
EndProject
Project("{FAE04EC0-301F-11D3-BF4B-00C04F79EFBC}") = "Application", "Application\Application.csproj", "{66CBE17F-6F02-4F21-A700-7C3F7B489A25}"
EndProject
Project("{FAE04EC0-301F-11D3-BF4B-00C04F79EFBC}") = "WebAPI", "WebAPI\WebAPI.csproj", "{7B722502-E5BF-45B5-939E-1CE01361721D}"
EndProject
Project("{FAE04EC0-301F-11D3-BF4B-00C04F79EFBC}") = "Blazor", "Blazor\Blazor.csproj", "{9B8BCABB-E5E6-4862-ACC2-C537481A3FDC}"
EndProject
Project("{FAE04EC0-301F-11D3-BF4B-00C04F79EFBC}") = "HttpClients", "HttpClients\HttpClients.csproj", "{7B4F32C9-778D-46A9-82FD-EAA526BAB8EF}"
EndProject
Project("{FAE04EC0-301F-11D3-BF4B-00C04F79EFBC}") = "EfcDataAccess", "EfcDataAccess\EfcDataAccess.csproj", "{1EC20F61-B5D8-4F82-905B-77981699BAD9}"
EndProject
Global
	GlobalSection(SolutionConfigurationPlatforms) = preSolution
		Debug|Any CPU = Debug|Any CPU
		Release|Any CPU = Release|Any CPU
	EndGlobalSection
	GlobalSection(ProjectConfigurationPlatforms) = postSolution
		{A9E2ED4A-5945-42CB-8EF7-6EED985BD73B}.Debug|Any CPU.ActiveCfg = Debug|Any CPU
		{A9E2ED4A-5945-42CB-8EF7-6EED985BD73B}.Debug|Any CPU.Build.0 = Debug|Any CPU
		{A9E2ED4A-5945-42CB-8EF7-6EED985BD73B}.Release|Any CPU.ActiveCfg = Release|Any CPU
		{A9E2ED4A-5945-42CB-8EF7-6EED985BD73B}.Release|Any CPU.Build.0 = Release|Any CPU
		{66CBE17F-6F02-4F21-A700-7C3F7B489A25}.Debug|Any CPU.ActiveCfg = Debug|Any CPU
		{66CBE17F-6F02-4F21-A700-7C3F7B489A25}.Debug|Any CPU.Build.0 = Debug|Any CPU
		{66CBE17F-6F02-4F21-A700-7C3F7B489A25}.Release|Any CPU.ActiveCfg = Release|Any CPU
		{66CBE17F-6F02-4F21-A700-7C3F7B489A25}.Release|Any CPU.Build.0 = Release|Any CPU
		{7B722502-E5BF-45B5-939E-1CE01361721D}.Debug|Any CPU.ActiveCfg = Debug|Any CPU
		{7B722502-E5BF-45B5-939E-1CE01361721D}.Debug|Any CPU.Build.0 = Debug|Any CPU
		{7B722502-E5BF-45B5-939E-1CE01361721D}.Release|Any CPU.ActiveCfg = Release|Any CPU
		{7B722502-E5BF-45B5-939E-1CE01361721D}.Release|Any CPU.Build.0 = Release|Any CPU
		{9B8BCABB-E5E6-4862-ACC2-C537481A3FDC}.Debug|Any CPU.ActiveCfg = Debug|Any CPU
		{9B8BCABB-E5E6-4862-ACC2-C537481A3FDC}.Debug|Any CPU.Build.0 = Debug|Any CPU
		{9B8BCABB-E5E6-4862-ACC2-C537481A3FDC}.Release|Any CPU.ActiveCfg = Release|Any CPU
		{9B8BCABB-E5E6-4862-ACC2-C537481A3FDC}.Release|Any CPU.Build.0 = Release|Any CPU
		{7B4F32C9-778D-46A9-82FD-EAA526BAB8EF}.Debug|Any CPU.ActiveCfg = Debug|Any CPU
		{7B4F32C9-778D-46A9-82FD-EAA526BAB8EF}.Debug|Any CPU.Build.0 = Debug|Any CPU
		{7B4F32C9-778D-46A9-82FD-EAA526BAB8EF}.Release|Any CPU.ActiveCfg = Release|Any CPU
		{7B4F32C9-778D-46A9-82FD-EAA526BAB8EF}.Release|Any CPU.Build.0 = Release|Any CPU
		{1EC20F61-B5D8-4F82-905B-77981699BAD9}.Debug|Any CPU.ActiveCfg = Debug|Any CPU
		{1EC20F61-B5D8-4F82-905B-77981699BAD9}.Debug|Any CPU.Build.0 = Debug|Any CPU
		{1EC20F61-B5D8-4F82-905B-77981699BAD9}.Release|Any CPU.ActiveCfg = Release|Any CPU
		{1EC20F61-B5D8-4F82-905B-77981699BAD9}.Release|Any CPU.Build.0 = Release|Any CPU
	EndGlobalSection
EndGlobal
