
Microsoft Visual Studio Solution File, Format Version 12.00
Project("{FAE04EC0-301F-11D3-BF4B-00C04F79EFBC}") = "Blazor", "Blazor\Blazor.csproj", "{800CA053-8C92-458A-9D8A-481AD0A86C1F}"
EndProject
Project("{FAE04EC0-301F-11D3-BF4B-00C04F79EFBC}") = "WebApi", "WebApi\WebApi.csproj", "{7ECA6814-3A38-496A-8CE1-A916AE119333}"
EndProject
Project("{FAE04EC0-301F-11D3-BF4B-00C04F79EFBC}") = "Shared", "Shared\Shared.csproj", "{795379DC-E8BC-4A9B-867E-4AEF9FFFE7BE}"
EndProject
Global
	GlobalSection(SolutionConfigurationPlatforms) = preSolution
		Debug|Any CPU = Debug|Any CPU
		Release|Any CPU = Release|Any CPU
	EndGlobalSection
	GlobalSection(ProjectConfigurationPlatforms) = postSolution
		{800CA053-8C92-458A-9D8A-481AD0A86C1F}.Debug|Any CPU.ActiveCfg = Debug|Any CPU
		{800CA053-8C92-458A-9D8A-481AD0A86C1F}.Debug|Any CPU.Build.0 = Debug|Any CPU
		{800CA053-8C92-458A-9D8A-481AD0A86C1F}.Release|Any CPU.ActiveCfg = Release|Any CPU
		{800CA053-8C92-458A-9D8A-481AD0A86C1F}.Release|Any CPU.Build.0 = Release|Any CPU
		{7ECA6814-3A38-496A-8CE1-A916AE119333}.Debug|Any CPU.ActiveCfg = Debug|Any CPU
		{7ECA6814-3A38-496A-8CE1-A916AE119333}.Debug|Any CPU.Build.0 = Debug|Any CPU
		{7ECA6814-3A38-496A-8CE1-A916AE119333}.Release|Any CPU.ActiveCfg = Release|Any CPU
		{7ECA6814-3A38-496A-8CE1-A916AE119333}.Release|Any CPU.Build.0 = Release|Any CPU
		{795379DC-E8BC-4A9B-867E-4AEF9FFFE7BE}.Debug|Any CPU.ActiveCfg = Debug|Any CPU
		{795379DC-E8BC-4A9B-867E-4AEF9FFFE7BE}.Debug|Any CPU.Build.0 = Debug|Any CPU
		{795379DC-E8BC-4A9B-867E-4AEF9FFFE7BE}.Release|Any CPU.ActiveCfg = Release|Any CPU
		{795379DC-E8BC-4A9B-867E-4AEF9FFFE7BE}.Release|Any CPU.Build.0 = Release|Any CPU
	EndGlobalSection
EndGlobal
